// !$*UTF8*$!
{
	archiveVersion = 1;
	classes = {
	};
	objectVersion = 50;
	objects = {

/* Begin PBXBuildFile section */
		29D3105720DE902900C14C25 /* AppDelegate.m in Sources */ = {isa = PBXBuildFile; fileRef = 29D3105620DE902900C14C25 /* AppDelegate.m */; };
		29D3105A20DE902900C14C25 /* ViewController.m in Sources */ = {isa = PBXBuildFile; fileRef = 29D3105920DE902900C14C25 /* ViewController.m */; };
		29D3105D20DE902900C14C25 /* Main.storyboard in Resources */ = {isa = PBXBuildFile; fileRef = 29D3105B20DE902900C14C25 /* Main.storyboard */; };
		29D3105F20DE902A00C14C25 /* Assets.xcassets in Resources */ = {isa = PBXBuildFile; fileRef = 29D3105E20DE902A00C14C25 /* Assets.xcassets */; };
		29D3106220DE902A00C14C25 /* LaunchScreen.storyboard in Resources */ = {isa = PBXBuildFile; fileRef = 29D3106020DE902A00C14C25 /* LaunchScreen.storyboard */; };
		29D3106520DE902B00C14C25 /* main.m in Sources */ = {isa = PBXBuildFile; fileRef = 29D3106420DE902B00C14C25 /* main.m */; };
		29D3106D20DE905100C14C25 /* HorizontalLayout.m in Sources */ = {isa = PBXBuildFile; fileRef = 29D3106C20DE905100C14C25 /* HorizontalLayout.m */; };
/* End PBXBuildFile section */

/* Begin PBXFileReference section */
		29D3105220DE902900C14C25 /* ZYXHorizontalFlowLayout.app */ = {isa = PBXFileReference; explicitFileType = wrapper.application; includeInIndex = 0; path = ZYXHorizontalFlowLayout.app; sourceTree = BUILT_PRODUCTS_DIR; };
		29D3105520DE902900C14C25 /* AppDelegate.h */ = {isa = PBXFileReference; lastKnownFileType = sourcecode.c.h; path = AppDelegate.h; sourceTree = "<group>"; };
		29D3105620DE902900C14C25 /* AppDelegate.m */ = {isa = PBXFileReference; lastKnownFileType = sourcecode.c.objc; path = AppDelegate.m; sourceTree = "<group>"; };
		29D3105820DE902900C14C25 /* ViewController.h */ = {isa = PBXFileReference; lastKnownFileType = sourcecode.c.h; path = ViewController.h; sourceTree = "<group>"; };
		29D3105920DE902900C14C25 /* ViewController.m */ = {isa = PBXFileReference; lastKnownFileType = sourcecode.c.objc; path = ViewController.m; sourceTree = "<group>"; };
		29D3105C20DE902900C14C25 /* Base */ = {isa = PBXFileReference; lastKnownFileType = file.storyboard; name = Base; path = Base.lproj/Main.storyboard; sourceTree = "<group>"; };
		29D3105E20DE902A00C14C25 /* Assets.xcassets */ = {isa = PBXFileReference; lastKnownFileType = folder.assetcatalog; path = Assets.xcassets; sourceTree = "<group>"; };
		29D3106120DE902A00C14C25 /* Base */ = {isa = PBXFileReference; lastKnownFileType = file.storyboard; name = Base; path = Base.lproj/LaunchScreen.storyboard; sourceTree = "<group>"; };
		29D3106320DE902B00C14C25 /* Info.plist */ = {isa = PBXFileReference; lastKnownFileType = text.plist.xml; path = Info.plist; sourceTree = "<group>"; };
		29D3106420DE902B00C14C25 /* main.m */ = {isa = PBXFileReference; lastKnownFileType = sourcecode.c.objc; path = main.m; sourceTree = "<group>"; };
		29D3106B20DE905100C14C25 /* HorizontalLayout.h */ = {isa = PBXFileReference; lastKnownFileType = sourcecode.c.h; path = HorizontalLayout.h; sourceTree = "<group>"; };
		29D3106C20DE905100C14C25 /* HorizontalLayout.m */ = {isa = PBXFileReference; lastKnownFileType = sourcecode.c.objc; path = HorizontalLayout.m; sourceTree = "<group>"; };
/* End PBXFileReference section */

/* Begin PBXFrameworksBuildPhase section */
		29D3104F20DE902900C14C25 /* Frameworks */ = {
			isa = PBXFrameworksBuildPhase;
			buildActionMask = 2147483647;
			files = (
			);
			runOnlyForDeploymentPostprocessing = 0;
		};
/* End PBXFrameworksBuildPhase section */

/* Begin PBXGroup section */
		29D3104920DE902900C14C25 = {
			isa = PBXGroup;
			children = (
				29D3105420DE902900C14C25 /* ZYXHorizontalFlowLayout */,
				29D3105320DE902900C14C25 /* Products */,
			);
			sourceTree = "<group>";
		};
		29D3105320DE902900C14C25 /* Products */ = {
			isa = PBXGroup;
			children = (
				29D3105220DE902900C14C25 /* ZYXHorizontalFlowLayout.app */,
			);
			name = Products;
			sourceTree = "<group>";
		};
		29D3105420DE902900C14C25 /* ZYXHorizontalFlowLayout */ = {
			isa = PBXGroup;
			children = (
				29D3105520DE902900C14C25 /* AppDelegate.h */,
				29D3105620DE902900C14C25 /* AppDelegate.m */,
				29D3105820DE902900C14C25 /* ViewController.h */,
				29D3105920DE902900C14C25 /* ViewController.m */,
				29D3106B20DE905100C14C25 /* HorizontalLayout.h */,
				29D3106C20DE905100C14C25 /* HorizontalLayout.m */,
				29D3105B20DE902900C14C25 /* Main.storyboard */,
				29D3105E20DE902A00C14C25 /* Assets.xcassets */,
				29D3106020DE902A00C14C25 /* LaunchScreen.storyboard */,
				29D3106320DE902B00C14C25 /* Info.plist */,
				29D3106420DE902B00C14C25 /* main.m */,
			);
			path = ZYXHorizontalFlowLayout;
			sourceTree = "<group>";
		};
/* End PBXGroup section */

/* Begin PBXNativeTarget section */
		29D3105120DE902900C14C25 /* ZYXHorizontalFlowLayout */ = {
			isa = PBXNativeTarget;
			buildConfigurationList = 29D3106820DE902B00C14C25 /* Build configuration list for PBXNativeTarget "ZYXHorizontalFlowLayout" */;
			buildPhases = (
				29D3104E20DE902900C14C25 /* Sources */,
				29D3104F20DE902900C14C25 /* Frameworks */,
				29D3105020DE902900C14C25 /* Resources */,
			);
			buildRules = (
			);
			dependencies = (
			);
			name = ZYXHorizontalFlowLayout;
			productName = ZYXHorizontalFlowLayout;
			productReference = 29D3105220DE902900C14C25 /* ZYXHorizontalFlowLayout.app */;
			productType = "com.apple.product-type.application";
		};
/* End PBXNativeTarget section */

/* Begin PBXProject section */
		29D3104A20DE902900C14C25 /* Project object */ = {
			isa = PBXProject;
			attributes = {
				LastUpgradeCheck = 0930;
				ORGANIZATIONNAME = zyx;
				TargetAttributes = {
					29D3105120DE902900C14C25 = {
						CreatedOnToolsVersion = 9.3;
					};
				};
			};
			buildConfigurationList = 29D3104D20DE902900C14C25 /* Build configuration list for PBXProject "ZYXHorizontalFlowLayout" */;
			compatibilityVersion = "Xcode 9.3";
			developmentRegion = en;
			hasScannedForEncodings = 0;
			knownRegions = (
				en,
				Base,
			);
			mainGroup = 29D3104920DE902900C14C25;
			productRefGroup = 29D3105320DE902900C14C25 /* Products */;
			projectDirPath = "";
			projectRoot = "";
			targets = (
				29D3105120DE902900C14C25 /* ZYXHorizontalFlowLayout */,
			);
		};
/* End PBXProject section */

/* Begin PBXResourcesBuildPhase section */
		29D3105020DE902900C14C25 /* Resources */ = {
			isa = PBXResourcesBuildPhase;
			buildActionMask = 2147483647;
			files = (
				29D3106220DE902A00C14C25 /* LaunchScreen.storyboard in Resources */,
				29D3105F20DE902A00C14C25 /* Assets.xcassets in Resources */,
				29D3105D20DE902900C14C25 /* Main.storyboard in Resources */,
			);
			runOnlyForDeploymentPostprocessing = 0;
		};
/* End PBXResourcesBuildPhase section */

/* Begin PBXSourcesBuildPhase section */
		29D3104E20DE902900C14C25 /* Sources */ = {
			isa = PBXSourcesBuildPhase;
			buildActionMask = 2147483647;
			files = (
				29D3105A20DE902900C14C25 /* ViewController.m in Sources */,
				29D3106D20DE905100C14C25 /* HorizontalLayout.m in Sources */,
				29D3106520DE902B00C14C25 /* main.m in Sources */,
				29D3105720DE902900C14C25 /* AppDelegate.m in Sources */,
			);
			runOnlyForDeploymentPostprocessing = 0;
		};
/* End PBXSourcesBuildPhase section */

/* Begin PBXVariantGroup section */
		29D3105B20DE902900C14C25 /* Main.storyboard */ = {
			isa = PBXVariantGroup;
			children = (
				29D3105C20DE902900C14C25 /* Base */,
			);
			name = Main.storyboard;
			sourceTree = "<group>";
		};
		29D3106020DE902A00C14C25 /* LaunchScreen.storyboard */ = {
			isa = PBXVariantGroup;
			children = (
				29D3106120DE902A00C14C25 /* Base */,
			);
			name = LaunchScreen.storyboard;
			sourceTree = "<group>";
		};
/* End PBXVariantGroup section */

/* Begin XCBuildConfiguration section */
		29D3106620DE902B00C14C25 /* Debug */ = {
			isa = XCBuildConfiguration;
			buildSettings = {
				ALWAYS_SEARCH_USER_PATHS = NO;
				CLANG_ANALYZER_NONNULL = YES;
				CLANG_ANALYZER_NUMBER_OBJECT_CONVERSION = YES_AGGRESSIVE;
				CLANG_CXX_LANGUAGE_STANDARD = "gnu++14";
				CLANG_CXX_LIBRARY = "libc++";
				CLANG_ENABLE_MODULES = YES;
				CLANG_ENABLE_OBJC_ARC = YES;
				CLANG_ENABLE_OBJC_WEAK = YES;
				CLANG_WARN_BLOCK_CAPTURE_AUTORELEASING = YES;
				CLANG_WARN_BOOL_CONVERSION = YES;
				CLANG_WARN_COMMA = YES;
				CLANG_WARN_CONSTANT_CONVERSION = YES;
				CLANG_WARN_DEPRECATED_OBJC_IMPLEMENTATIONS = YES;
				CLANG_WARN_DIRECT_OBJC_ISA_USAGE = YES_ERROR;
				CLANG_WARN_DOCUMENTATION_COMMENTS = YES;
				CLANG_WARN_EMPTY_BODY = YES;
				CLANG_WARN_ENUM_CONVERSION = YES;
				CLANG_WARN_INFINITE_RECURSION = YES;
				CLANG_WARN_INT_CONVERSION = YES;
				CLANG_WARN_NON_LITERAL_NULL_CONVERSION = YES;
				CLANG_WARN_OBJC_IMPLICIT_RETAIN_SELF = YES;
				CLANG_WARN_OBJC_LITERAL_CONVERSION = YES;
				CLANG_WARN_OBJC_ROOT_CLASS = YES_ERROR;
				CLANG_WARN_RANGE_LOOP_ANALYSIS = YES;
				CLANG_WARN_STRICT_PROTOTYPES = YES;
				CLANG_WARN_SUSPICIOUS_MOVE = YES;
				CLANG_WARN_UNGUARDED_AVAILABILITY = YES_AGGRESSIVE;
				CLANG_WARN_UNREACHABLE_CODE = YES;
				CLANG_WARN__DUPLICATE_METHOD_MATCH = YES;
				CODE_SIGN_IDENTITY = "iPhone Developer";
				COPY_PHASE_STRIP = NO;
				DEBUG_INFORMATION_FORMAT = dwarf;
				ENABLE_STRICT_OBJC_MSGSEND = YES;
				ENABLE_TESTABILITY = YES;
				GCC_C_LANGUAGE_STANDARD = gnu11;
				GCC_DYNAMIC_NO_PIC = NO;
				GCC_NO_COMMON_BLOCKS = YES;
				GCC_OPTIMIZATION_LEVEL = 0;
				GCC_PREPROCESSOR_DEFINITIONS = (
					"DEBUG=1",
					"$(inherited)",
				);
				GCC_WARN_64_TO_32_BIT_CONVERSION = YES;
				GCC_WARN_ABOUT_RETURN_TYPE = YES_ERROR;
				GCC_WARN_UNDECLARED_SELECTOR = YES;
				GCC_WARN_UNINITIALIZED_AUTOS = YES_AGGRESSIVE;
				GCC_WARN_UNUSED_FUNCTION = YES;
				GCC_WARN_UNUSED_VARIABLE = YES;
				IPHONEOS_DEPLOYMENT_TARGET = 11.3;
				MTL_ENABLE_DEBUG_INFO = YES;
				ONLY_ACTIVE_ARCH = YES;
				SDKROOT = iphoneos;
			};
			name = Debug;
		};
		29D3106720DE902B00C14C25 /* Release */ = {
			isa = XCBuildConfiguration;
			buildSettings = {
				ALWAYS_SEARCH_USER_PATHS = NO;
				CLANG_ANALYZER_NONNULL = YES;
				CLANG_ANALYZER_NUMBER_OBJECT_CONVERSION = YES_AGGRESSIVE;
				CLANG_CXX_LANGUAGE_STANDARD = "gnu++14";
				CLANG_CXX_LIBRARY = "libc++";
				CLANG_ENABLE_MODULES = YES;
				CLANG_ENABLE_OBJC_ARC = YES;
				CLANG_ENABLE_OBJC_WEAK = YES;
				CLANG_WARN_BLOCK_CAPTURE_AUTORELEASING = YES;
				CLANG_WARN_BOOL_CONVERSION = YES;
				CLANG_WARN_COMMA = YES;
				CLANG_WARN_CONSTANT_CONVERSION = YES;
				CLANG_WARN_DEPRECATED_OBJC_IMPLEMENTATIONS = YES;
				CLANG_WARN_DIRECT_OBJC_ISA_USAGE = YES_ERROR;
				CLANG_WARN_DOCUMENTATION_COMMENTS = YES;
				CLANG_WARN_EMPTY_BODY = YES;
				CLANG_WARN_ENUM_CONVERSION = YES;
				CLANG_WARN_INFINITE_RECURSION = YES;
				CLANG_WARN_INT_CONVERSION = YES;
				CLANG_WARN_NON_LITERAL_NULL_CONVERSION = YES;
				CLANG_WARN_OBJC_IMPLICIT_RETAIN_SELF = YES;
				CLANG_WARN_OBJC_LITERAL_CONVERSION = YES;
				CLANG_WARN_OBJC_ROOT_CLASS = YES_ERROR;
				CLANG_WARN_RANGE_LOOP_ANALYSIS = YES;
				CLANG_WARN_STRICT_PROTOTYPES = YES;
				CLANG_WARN_SUSPICIOUS_MOVE = YES;
				CLANG_WARN_UNGUARDED_AVAILABILITY = YES_AGGRESSIVE;
				CLANG_WARN_UNREACHABLE_CODE = YES;
				CLANG_WARN__DUPLICATE_METHOD_MATCH = YES;
				CODE_SIGN_IDENTITY = "iPhone Developer";
				COPY_PHASE_STRIP = NO;
				DEBUG_INFORMATION_FORMAT = "dwarf-with-dsym";
				ENABLE_NS_ASSERTIONS = NO;
				ENABLE_STRICT_OBJC_MSGSEND = YES;
				GCC_C_LANGUAGE_STANDARD = gnu11;
				GCC_NO_COMMON_BLOCKS = YES;
				GCC_WARN_64_TO_32_BIT_CONVERSION = YES;
				GCC_WARN_ABOUT_RETURN_TYPE = YES_ERROR;
				GCC_WARN_UNDECLARED_SELECTOR = YES;
				GCC_WARN_UNINITIALIZED_AUTOS = YES_AGGRESSIVE;
				GCC_WARN_UNUSED_FUNCTION = YES;
				GCC_WARN_UNUSED_VARIABLE = YES;
				IPHONEOS_DEPLOYMENT_TARGET = 11.3;
				MTL_ENABLE_DEBUG_INFO = NO;
				SDKROOT = iphoneos;
				VALIDATE_PRODUCT = YES;
			};
			name = Release;
		};
		29D3106920DE902B00C14C25 /* Debug */ = {
			isa = XCBuildConfiguration;
			buildSettings = {
				ASSETCATALOG_COMPILER_APPICON_NAME = AppIcon;
				CODE_SIGN_STYLE = Automatic;
				INFOPLIST_FILE = ZYXHorizontalFlowLayout/Info.plist;
				LD_RUNPATH_SEARCH_PATHS = (
					"$(inherited)",
					"@executable_path/Frameworks",
				);
				PRODUCT_BUNDLE_IDENTIFIER = com.zyx.ZYXHorizontalFlowLayout;
				PRODUCT_NAME = "$(TARGET_NAME)";
				TARGETED_DEVICE_FAMILY = "1,2";
			};
			name = Debug;
		};
		29D3106A20DE902B00C14C25 /* Release */ = {
			isa = XCBuildConfiguration;
			buildSettings = {
				ASSETCATALOG_COMPILER_APPICON_NAME = AppIcon;
				CODE_SIGN_STYLE = Automatic;
				INFOPLIST_FILE = ZYXHorizontalFlowLayout/Info.plist;
				LD_RUNPATH_SEARCH_PATHS = (
					"$(inherited)",
					"@executable_path/Frameworks",
				);
				PRODUCT_BUNDLE_IDENTIFIER = com.zyx.ZYXHorizontalFlowLayout;
				PRODUCT_NAME = "$(TARGET_NAME)";
				TARGETED_DEVICE_FAMILY = "1,2";
			};
			name = Release;
		};
/* End XCBuildConfiguration section */

/* Begin XCConfigurationList section */
		29D3104D20DE902900C14C25 /* Build configuration list for PBXProject "ZYXHorizontalFlowLayout" */ = {
			isa = XCConfigurationList;
			buildConfigurations = (
				29D3106620DE902B00C14C25 /* Debug */,
				29D3106720DE902B00C14C25 /* Release */,
			);
			defaultConfigurationIsVisible = 0;
			defaultConfigurationName = Release;
		};
		29D3106820DE902B00C14C25 /* Build configuration list for PBXNativeTarget "ZYXHorizontalFlowLayout" */ = {
			isa = XCConfigurationList;
			buildConfigurations = (
				29D3106920DE902B00C14C25 /* Debug */,
				29D3106A20DE902B00C14C25 /* Release */,
			);
			defaultConfigurationIsVisible = 0;
			defaultConfigurationName = Release;
		};
/* End XCConfigurationList section */
	};
	rootObject = 29D3104A20DE902900C14C25 /* Project object */;
}
